
Microsoft Visual Studio Solution File, Format Version 12.00
# Visual Studio 15
VisualStudioVersion = 15.0.27130.2020
MinimumVisualStudioVersion = 10.0.40219.1
Project("{FAE04EC0-301F-11D3-BF4B-00C04F79EFBC}") = "InventoryManagementSystem", "InventoryManagementSystem\InventoryManagementSystem.csproj", "{96FD3B0D-3B42-47FD-A688-902050C7A948}"
EndProject
Project("{FAE04EC0-301F-11D3-BF4B-00C04F79EFBC}") = "InventoryDataLayer", "InventoryDataLayer\InventoryDataLayer.csproj", "{4BEB6A89-83A1-4421-B2B0-37E9572E1EE2}"
EndProject
Project("{FAE04EC0-301F-11D3-BF4B-00C04F79EFBC}") = "InventoryBusinessLayer", "InventoryBusinessLayer\InventoryBusinessLayer.csproj", "{867CE2B4-6939-4BE6-980B-BB7C1F39BF7E}"
EndProject
Global
	GlobalSection(SolutionConfigurationPlatforms) = preSolution
		Debug|Any CPU = Debug|Any CPU
		Release|Any CPU = Release|Any CPU
	EndGlobalSection
	GlobalSection(ProjectConfigurationPlatforms) = postSolution
		{96FD3B0D-3B42-47FD-A688-902050C7A948}.Debug|Any CPU.ActiveCfg = Debug|Any CPU
		{96FD3B0D-3B42-47FD-A688-902050C7A948}.Debug|Any CPU.Build.0 = Debug|Any CPU
		{96FD3B0D-3B42-47FD-A688-902050C7A948}.Release|Any CPU.ActiveCfg = Release|Any CPU
		{96FD3B0D-3B42-47FD-A688-902050C7A948}.Release|Any CPU.Build.0 = Release|Any CPU
		{4BEB6A89-83A1-4421-B2B0-37E9572E1EE2}.Debug|Any CPU.ActiveCfg = Debug|Any CPU
		{4BEB6A89-83A1-4421-B2B0-37E9572E1EE2}.Debug|Any CPU.Build.0 = Debug|Any CPU
		{4BEB6A89-83A1-4421-B2B0-37E9572E1EE2}.Release|Any CPU.ActiveCfg = Release|Any CPU
		{4BEB6A89-83A1-4421-B2B0-37E9572E1EE2}.Release|Any CPU.Build.0 = Release|Any CPU
		{867CE2B4-6939-4BE6-980B-BB7C1F39BF7E}.Debug|Any CPU.ActiveCfg = Debug|Any CPU
		{867CE2B4-6939-4BE6-980B-BB7C1F39BF7E}.Debug|Any CPU.Build.0 = Debug|Any CPU
		{867CE2B4-6939-4BE6-980B-BB7C1F39BF7E}.Release|Any CPU.ActiveCfg = Release|Any CPU
		{867CE2B4-6939-4BE6-980B-BB7C1F39BF7E}.Release|Any CPU.Build.0 = Release|Any CPU
	EndGlobalSection
	GlobalSection(SolutionProperties) = preSolution
		HideSolutionNode = FALSE
	EndGlobalSection
	GlobalSection(ExtensibilityGlobals) = postSolution
		SolutionGuid = {0997450B-261E-487A-B453-14B453CB7B30}
	EndGlobalSection
EndGlobal
